
Microsoft Visual Studio Solution File, Format Version 12.00
# Visual Studio 2012
Project("{FAE04EC0-301F-11D3-BF4B-00C04F79EFBC}") = "my_projet", "my_projet\my_projet.csproj", "{A930DE6C-F5B5-4DD3-B27E-F1F1444648EA}"
EndProject
Global
	GlobalSection(SolutionConfigurationPlatforms) = preSolution
		Debug|Any CPU = Debug|Any CPU
		Release|Any CPU = Release|Any CPU
	EndGlobalSection
	GlobalSection(ProjectConfigurationPlatforms) = postSolution
		{A930DE6C-F5B5-4DD3-B27E-F1F1444648EA}.Debug|Any CPU.ActiveCfg = Debug|Any CPU
		{A930DE6C-F5B5-4DD3-B27E-F1F1444648EA}.Debug|Any CPU.Build.0 = Debug|Any CPU
		{A930DE6C-F5B5-4DD3-B27E-F1F1444648EA}.Release|Any CPU.ActiveCfg = Release|Any CPU
		{A930DE6C-F5B5-4DD3-B27E-F1F1444648EA}.Release|Any CPU.Build.0 = Release|Any CPU
	EndGlobalSection
	GlobalSection(SolutionProperties) = preSolution
		HideSolutionNode = FALSE
	EndGlobalSection
EndGlobal
